
Microsoft Visual Studio Solution File, Format Version 12.00
# Visual Studio Version 17
VisualStudioVersion = 17.11.35312.102
MinimumVisualStudioVersion = 10.0.40219.1
Project("{FAE04EC0-301F-11D3-BF4B-00C04F79EFBC}") = "LeafwixServer", "LeafwixServer\LeafwixServer.csproj", "{700C3D16-B1E6-40AE-9259-35CB40667AC1}"
EndProject
Project("{FAE04EC0-301F-11D3-BF4B-00C04F79EFBC}") = "LeafwixServerBLL", "LeafwixServerBLL\LeafwixServerBLL.csproj", "{6C8462E1-FC61-4905-89EF-0DC18D890428}"
EndProject
Project("{FAE04EC0-301F-11D3-BF4B-00C04F79EFBC}") = "LeafwixServerDAL", "LeafwixServerDAL\LeafwixServerDAL.csproj", "{06FE34B6-2D10-412D-9608-8E7E4EF6C704}"
EndProject
Global
	GlobalSection(SolutionConfigurationPlatforms) = preSolution
		Debug|Any CPU = Debug|Any CPU
		Release|Any CPU = Release|Any CPU
	EndGlobalSection
	GlobalSection(ProjectConfigurationPlatforms) = postSolution
		{700C3D16-B1E6-40AE-9259-35CB40667AC1}.Debug|Any CPU.ActiveCfg = Debug|Any CPU
		{700C3D16-B1E6-40AE-9259-35CB40667AC1}.Debug|Any CPU.Build.0 = Debug|Any CPU
		{700C3D16-B1E6-40AE-9259-35CB40667AC1}.Release|Any CPU.ActiveCfg = Release|Any CPU
		{700C3D16-B1E6-40AE-9259-35CB40667AC1}.Release|Any CPU.Build.0 = Release|Any CPU
		{6C8462E1-FC61-4905-89EF-0DC18D890428}.Debug|Any CPU.ActiveCfg = Debug|Any CPU
		{6C8462E1-FC61-4905-89EF-0DC18D890428}.Debug|Any CPU.Build.0 = Debug|Any CPU
		{6C8462E1-FC61-4905-89EF-0DC18D890428}.Release|Any CPU.ActiveCfg = Release|Any CPU
		{6C8462E1-FC61-4905-89EF-0DC18D890428}.Release|Any CPU.Build.0 = Release|Any CPU
		{06FE34B6-2D10-412D-9608-8E7E4EF6C704}.Debug|Any CPU.ActiveCfg = Debug|Any CPU
		{06FE34B6-2D10-412D-9608-8E7E4EF6C704}.Debug|Any CPU.Build.0 = Debug|Any CPU
		{06FE34B6-2D10-412D-9608-8E7E4EF6C704}.Release|Any CPU.ActiveCfg = Release|Any CPU
		{06FE34B6-2D10-412D-9608-8E7E4EF6C704}.Release|Any CPU.Build.0 = Release|Any CPU
	EndGlobalSection
	GlobalSection(SolutionProperties) = preSolution
		HideSolutionNode = FALSE
	EndGlobalSection
	GlobalSection(ExtensibilityGlobals) = postSolution
		SolutionGuid = {E3879E8A-0C26-4874-B537-6A3CF6A43277}
	EndGlobalSection
EndGlobal
